# THIS IS AN AUTOGENERATED FILE. DO NOT EDIT THIS FILE DIRECTLY.
# yarn lockfile v1


"@babel/core@^7.24.0":
  version "7.24.0"
  resolved "https://registry.yarnpkg.com/@babel/core/-/core-7.24.0.tgz#a03beb5a2aa2bae3d56e018ad26e01d3df160745"
  integrity sha512-fQfkg0Gjkza3nf0c7/w6Xf34BW4YvzNfACRLmmb7XRLa6XHdR+K9AlJlxneFfWYf6uhOzuzZVTjF/8KfndZAQ==
  dependencies:
    "@babel/helper-compilation-targets" "^7.23.6"

"@babel/helper-compilation-targets@^7.23.6":
  version "7.23.6"
  resolved "https://registry.yarnpkg.com/@babel/helper-compilation-targets/-/helper-compilation-targets-7.23.6.tgz"
  integrity sha512-9JB548GZoQVmzrFgp8o7KxdgkTGm6xs9DW0o/Pim72UDjzr0HQtiioJHXg5u/sJGRvFORYDtph0YBthE6NQE==

lodash@^4.17.21:
  version "4.17.21"
  resolved "https://registry.yarnpkg.com/lodash/-/lodash-4.17.21.tgz"
  integrity sha512-v2kDEe57lecTulaDIuNTPy3Ry4gLGJ6Z1O3vE1krgXZNrsQ+LFTGHVxVjcXPs17LhbZVGedAJv8XZ1tvj5cvA==

prettier@^3.2.0:
  version "3.2.5"
  resolved "https://registry.yarnpkg.com/prettier/-/prettier-3.2.5.tgz"
  integrity sha512-3/GWa9aOC0YeD7LUfvOG2NiDyhOWRvt1k+rcKhOuYnMY24iiCphgLeUXJDg6ViHjUoZUvek7H62IAG2MBCbxA==
