github.com/davecgh/go-spew v1.1.2 h1:aaaaaaaaaaaaaaaaaaaaaaaaaaaaaaaaaaaaaaaaaaaaa=
github.com/davecgh/go-spew v1.1.2/go.mod h1:bbbbbbbbbbbbbbbbbbbbbbbbbbbbbbbbbbbbbbbbbbbbb=
github.com/go-chi/chi/v5 v5.0.12 h1:ccccccccccccccccccccccccccccccccccccccccccccc=
github.com/go-chi/chi/v5 v5.0.12/go.mod h1:ddddddddddddddddddddddddddddddddddddddddddddd=
github.com/gorilla/mux v1.8.1 h1:eeeeeeeeeeeeeeeeeeeeeeeeeeeeeeeeeeeeeeeeeeeee=
github.com/gorilla/mux v1.8.1/go.mod h1:fffffffffffffffffffffffffffffffffffffffffffff=
github.com/inconshreveable/mousetrap v1.1.0 h1:ggggggggggggggggggggggggggggggggggggggggggggg=
github.com/inconshreveable/mousetrap v1.1.0/go.mod h1:hhhhhhhhhhhhhhhhhhhhhhhhhhhhhhhhhhhhhhhhhhhhh=
github.com/pmezard/go-difflib v1.0.0 h1:iiiiiiiiiiiiiiiiiiiiiiiiiiiiiiiiiiiiiiiiiiiii=
github.com/pmezard/go-difflib v1.0.0/go.mod h1:jjjjjjjjjjjjjjjjjjjjjjjjjjjjjjjjjjjjjjjjjjjjj=
github.com/spf13/cobra v1.8.0 h1:kkkkkkkkkkkkkkkkkkkkkkkkkkkkkkkkkkkkkkkkkkkkk=
github.com/spf13/cobra v1.8.0/go.mod h1:lllllllllllllllllllllllllllllllllllllllllllll=
github.com/spf13/pflag v1.0.5 h1:mmmmmmmmmmmmmmmmmmmmmmmmmmmmmmmmmmmmmmmmmmmmm=
github.com/spf13/pflag v1.0.5/go.mod h1:nnnnnnnnnnnnnnnnnnnnnnnnnnnnnnnnnnnnnnnnnnnnn=
github.com/stretchr/testify v1.9.0 h1:ooooooooooooooooooooooooooooooooooooooooooooo=
github.com/stretchr/testify v1.9.0/go.mod h1:ppppppppppppppppppppppppppppppppppppppppppppp=
golang.org/x/sys v0.30.0 h1:qqqqqqqqqqqqqqqqqqqqqqqqqqqqqqqqqqqqqqqqqqqqq=
golang.org/x/sys v0.30.0/go.mod h1:rrrrrrrrrrrrrrrrrrrrrrrrrrrrrrrrrrrrrrrrrrrrr=
gopkg.in/yaml.v3 v3.0.1 h1:sssssssssssssssssssssssssssssssssssssssssssss=
gopkg.in/yaml.v3 v3.0.1/go.mod h1:ttttttttttttttttttttttttttttttttttttttttttttt=
