lockfileVersion: '6.0'

dependencies:
  lodash:
    specifier: ^4.17.21
    version: 4.17.21
  '@babel/core':
    specifier: ^7.24.0
    version: 7.24.0

devDependencies:
  prettier:
    specifier: ^3.2.0
    version: 3.2.5

packages:

  /@babel/core/7.24.0:
    resolution: {integrity: sha512-fQfkg0Gjkza3nf0c7/w6Xf34BW4YvzNfACRLmmb7XRLa6XHdR+K9AlJlxneFfWYf6uhOzuzZVTjF/8KfndZAQ==}
    dependencies:
      '@babel/helper-compilation-targets': 7.23.6
    dev: false

  /@babel/helper-compilation-targets/7.23.6:
    resolution: {integrity: sha512-9JB548GZoQVmzrFgp8o7KxdgkTGm6xs9DW0o/Pim72UDjzr0HQtiioJHXg5u/sJGRvFORYDtph0YBthE6NQE==}
    dev: false

  /lodash/4.17.21:
    resolution: {integrity: sha512-v2kDEe57lecTulaDIuNTPy3Ry4gLGJ6Z1O3vE1krgXZNrsQ+LFTGHVxVjcXPs17LhbZVGedAJv8XZ1tvj5cvA==}
    dev: false

  /prettier/3.2.5:
    resolution: {integrity: sha512-3/GWa9aOC0YeD7LUfvOG2NiDyhOWRvt1k+rcKhOuYnMY24iiCphgLeUXJDg6ViHjUoZUvek7H62IAG2MBCbxA==}
    dev: true
